
Microsoft Visual Studio Solution File, Format Version 12.00
# Visual Studio Version 17
VisualStudioVersion = 17.14.36301.6 d17.14
MinimumVisualStudioVersion = 10.0.40219.1
Project("{FAE04EC0-301F-11D3-BF4B-00C04F79EFBC}") = "HospitalAppointmentSystem", "HospitalAppointmentSystem\HospitalAppointmentSystem.csproj", "{9B5CB5DD-554C-45B2-8717-0F4064A4ED7F}"
EndProject
Global
	GlobalSection(SolutionConfigurationPlatforms) = preSolution
		Debug|Any CPU = Debug|Any CPU
		Release|Any CPU = Release|Any CPU
	EndGlobalSection
	GlobalSection(ProjectConfigurationPlatforms) = postSolution
		{9B5CB5DD-554C-45B2-8717-0F4064A4ED7F}.Debug|Any CPU.ActiveCfg = Debug|Any CPU
		{9B5CB5DD-554C-45B2-8717-0F4064A4ED7F}.Debug|Any CPU.Build.0 = Debug|Any CPU
		{9B5CB5DD-554C-45B2-8717-0F4064A4ED7F}.Release|Any CPU.ActiveCfg = Release|Any CPU
		{9B5CB5DD-554C-45B2-8717-0F4064A4ED7F}.Release|Any CPU.Build.0 = Release|Any CPU
	EndGlobalSection
	GlobalSection(SolutionProperties) = preSolution
		HideSolutionNode = FALSE
	EndGlobalSection
	GlobalSection(ExtensibilityGlobals) = postSolution
		SolutionGuid = {F5416B31-9770-4B68-A81E-E9C07448F31B}
	EndGlobalSection
EndGlobal
